{
  "nodes": {
    "nixpkgs": {
      "locked": {
        "lastModified": 1729235901,
        "narHash": "sha256-taFqFpTtv2tjbqZ0HaMakw4g5c/bRBWQUZBfX5YyCK4=",
        "owner": "paveloom",
        "repo": "nixpkgs",
        "rev": "3222e4f7427bddb9c045ffde74f9addc1e838e49",
        "type": "github"
      },
      "original": {
        "owner": "paveloom",
        "ref": "system",
        "repo": "nixpkgs",
        "type": "github"
      }
    },
    "root": {
      "inputs": {
        "nixpkgs": "nixpkgs"
      }
    }
  },
  "root": "root",
  "version": 7
}
