{
  "nodes": {
    "nixpkgs": {
      "locked": {
        "lastModified": 1725699318,
        "narHash": "sha256-ffKnDh1o/3GX8j919GrwegAgG4HPmqKz/bPOcII1MjE=",
        "owner": "paveloom",
        "repo": "nixpkgs",
        "rev": "89b0e69d85f7133174fe7471a8101db70d8e5ba5",
        "type": "github"
      },
      "original": {
        "owner": "paveloom",
        "ref": "system",
        "repo": "nixpkgs",
        "type": "github"
      }
    },
    "root": {
      "inputs": {
        "nixpkgs": "nixpkgs"
      }
    }
  },
  "root": "root",
  "version": 7
}
