{
  "nodes": {
    "nixpkgs": {
      "locked": {
        "lastModified": 1727459723,
        "narHash": "sha256-YNLjx/9q+nwd769nIVzil/WfzP8DSR8aFUZLCl3NJSY=",
        "owner": "paveloom",
        "repo": "nixpkgs",
        "rev": "090f5a45256041407859dd8fcc380b1aa05b3b09",
        "type": "github"
      },
      "original": {
        "owner": "paveloom",
        "ref": "system",
        "repo": "nixpkgs",
        "type": "github"
      }
    },
    "root": {
      "inputs": {
        "nixpkgs": "nixpkgs"
      }
    }
  },
  "root": "root",
  "version": 7
}
